
Microsoft Visual Studio Solution File, Format Version 12.00
# Visual Studio Version 17
VisualStudioVersion = 17.0.31903.59
MinimumVisualStudioVersion = 10.0.40219.1
Project("{FAE04EC0-301F-11D3-BF4B-00C04F79EFBC}") = "CcDirector.Core", "src\CcDirector.Core\CcDirector.Core.csproj", "{C1A2B3C4-D5E6-7890-ABCD-EF1234567890}"
EndProject
Project("{FAE04EC0-301F-11D3-BF4B-00C04F79EFBC}") = "CcDirector.Core.Tests", "src\CcDirector.Core.Tests\CcDirector.Core.Tests.csproj", "{D2E3F4A5-B6C7-8901-CDEF-A12345678901}"
EndProject
Project("{2150E333-8FDC-42A3-9474-1A3956D46DE8}") = "src", "src", "{827E0CD3-B72D-47B6-A68D-7590B98EB39B}"
EndProject
Project("{FAE04EC0-301F-11D3-BF4B-00C04F79EFBC}") = "CcClick", "src\CcClick\CcClick.csproj", "{88F5DC65-99EE-48CD-9600-1E5F0E968ADF}"
EndProject
Project("{FAE04EC0-301F-11D3-BF4B-00C04F79EFBC}") = "CcDirector.CliExplorer", "src\CcDirector.CliExplorer\CcDirector.CliExplorer.csproj", "{1EA8AF40-6227-4521-BF25-B0F0C525B43E}"
EndProject
Project("{FAE04EC0-301F-11D3-BF4B-00C04F79EFBC}") = "CcDirector.Engine", "src\CcDirector.Engine\CcDirector.Engine.csproj", "{3E407DA8-E406-4B93-A86C-BE4A245ACD7E}"
EndProject
Project("{FAE04EC0-301F-11D3-BF4B-00C04F79EFBC}") = "CcDirector.Engine.Tests", "src\CcDirector.Engine.Tests\CcDirector.Engine.Tests.csproj", "{7FE51956-5833-4B2F-A71A-2DCCCF0A42EF}"
EndProject
Project("{FAE04EC0-301F-11D3-BF4B-00C04F79EFBC}") = "CcDirector.VoskStt", "src\CcDirector.VoskStt\CcDirector.VoskStt.csproj", "{12CFC513-5E23-476D-9E8D-C1434711346B}"
EndProject
Project("{FAE04EC0-301F-11D3-BF4B-00C04F79EFBC}") = "CcDirector.DocumentLibrary", "src\CcDirector.DocumentLibrary\CcDirector.DocumentLibrary.csproj", "{A1B2C3D4-E5F6-7890-AB12-CD3456789ABC}"
EndProject
Project("{FAE04EC0-301F-11D3-BF4B-00C04F79EFBC}") = "CcDirector.Terminal", "src\CcDirector.Terminal\CcDirector.Terminal.csproj", "{BF057204-D53A-4CA1-8DD4-6681338061C6}"
EndProject
Project("{FAE04EC0-301F-11D3-BF4B-00C04F79EFBC}") = "CcDirector.ContentWriter", "src\CcDirector.ContentWriter\CcDirector.ContentWriter.csproj", "{DE3298A9-1487-4395-A342-3BAD7BB1C1B2}"
EndProject
Project("{FAE04EC0-301F-11D3-BF4B-00C04F79EFBC}") = "CcDirector.Terminal.Core", "src\CcDirector.Terminal.Core\CcDirector.Terminal.Core.csproj", "{592945FC-2FA5-471A-9652-1CAE1E26E232}"
EndProject
Project("{FAE04EC0-301F-11D3-BF4B-00C04F79EFBC}") = "CcDirector.Terminal.Avalonia", "src\CcDirector.Terminal.Avalonia\CcDirector.Terminal.Avalonia.csproj", "{B54F9BF0-1481-4267-9CF0-44EAB5F9864A}"
EndProject
Project("{FAE04EC0-301F-11D3-BF4B-00C04F79EFBC}") = "CcDirector.Avalonia", "src\CcDirector.Avalonia\CcDirector.Avalonia.csproj", "{10E5A311-8B3A-45CB-9ED2-AF70C1047044}"
EndProject
Project("{FAE04EC0-301F-11D3-BF4B-00C04F79EFBC}") = "CcDirector.Gateway.Contracts", "src\CcDirector.Gateway.Contracts\CcDirector.Gateway.Contracts.csproj", "{AAFB18CB-EAA7-4AD6-AD89-63C541705EC2}"
EndProject
Project("{FAE04EC0-301F-11D3-BF4B-00C04F79EFBC}") = "CcDirector.ControlApi", "src\CcDirector.ControlApi\CcDirector.ControlApi.csproj", "{429DCCD2-CFCD-4A65-AEE9-2928F95D6ECA}"
EndProject
Project("{FAE04EC0-301F-11D3-BF4B-00C04F79EFBC}") = "CcDirector.Gateway.Tests", "src\CcDirector.Gateway.Tests\CcDirector.Gateway.Tests.csproj", "{6F788A21-1BBB-416B-9188-80B3106E8988}"
EndProject
Project("{FAE04EC0-301F-11D3-BF4B-00C04F79EFBC}") = "CcDirector.Gateway", "src\CcDirector.Gateway\CcDirector.Gateway.csproj", "{8580D171-0170-4A19-8A32-BC1DB1F9084A}"
EndProject
Project("{FAE04EC0-301F-11D3-BF4B-00C04F79EFBC}") = "CcDirector.GatewayApp", "src\CcDirector.GatewayApp\CcDirector.GatewayApp.csproj", "{16E78AA9-CA07-4637-83CB-D408B2CA387E}"
EndProject
Project("{FAE04EC0-301F-11D3-BF4B-00C04F79EFBC}") = "CcDirector.Cockpit", "src\CcDirector.Cockpit\CcDirector.Cockpit.csproj", "{C33903DA-6A9B-4D2A-A1FB-E922C81CDA25}"
EndProject
Project("{FAE04EC0-301F-11D3-BF4B-00C04F79EFBC}") = "CcDirector.AgentBrain", "src\CcDirector.AgentBrain\CcDirector.AgentBrain.csproj", "{C1BE7CFA-B58C-40F1-A85F-E8CBF62DC5AA}"
EndProject
Project("{FAE04EC0-301F-11D3-BF4B-00C04F79EFBC}") = "CcDirector.AgentBrain.Panel", "src\CcDirector.AgentBrain.Panel\CcDirector.AgentBrain.Panel.csproj", "{7BBD99A7-4B0D-4620-8098-03427ABA141A}"
EndProject
Project("{FAE04EC0-301F-11D3-BF4B-00C04F79EFBC}") = "CcDirector.HostedAgent", "src\CcDirector.HostedAgent\CcDirector.HostedAgent.csproj", "{245431DD-9E7B-4080-8572-826F99BB8EF6}"
EndProject
Project("{FAE04EC0-301F-11D3-BF4B-00C04F79EFBC}") = "CcDirector.HostedAgent.Tests", "src\CcDirector.HostedAgent.Tests\CcDirector.HostedAgent.Tests.csproj", "{13F81308-1CC0-42DC-8E5D-6DA4A9B6A589}"
EndProject
Project("{FAE04EC0-301F-11D3-BF4B-00C04F79EFBC}") = "CcDirector.Cockpit.Tests", "src\CcDirector.Cockpit.Tests\CcDirector.Cockpit.Tests.csproj", "{152D127D-6FBF-4646-892C-C9BF5911AFBB}"
EndProject
Project("{FAE04EC0-301F-11D3-BF4B-00C04F79EFBC}") = "CcDirector.Launcher", "src\CcDirector.Launcher\CcDirector.Launcher.csproj", "{A3B4C5D6-E7F8-9012-ABCD-EF3456789012}"
EndProject
Project("{FAE04EC0-301F-11D3-BF4B-00C04F79EFBC}") = "CcDirector.Launcher.Tests", "src\CcDirector.Launcher.Tests\CcDirector.Launcher.Tests.csproj", "{B4C5D6E7-F8A9-0123-BCDE-FA4567890123}"
EndProject
Global
	GlobalSection(SolutionConfigurationPlatforms) = preSolution
		Debug|Any CPU = Debug|Any CPU
		Debug|x64 = Debug|x64
		Debug|x86 = Debug|x86
		Release|Any CPU = Release|Any CPU
		Release|x64 = Release|x64
		Release|x86 = Release|x86
	EndGlobalSection
	GlobalSection(ProjectConfigurationPlatforms) = postSolution
		{C1A2B3C4-D5E6-7890-ABCD-EF1234567890}.Debug|Any CPU.ActiveCfg = Debug|Any CPU
		{C1A2B3C4-D5E6-7890-ABCD-EF1234567890}.Debug|Any CPU.Build.0 = Debug|Any CPU
		{C1A2B3C4-D5E6-7890-ABCD-EF1234567890}.Debug|x64.ActiveCfg = Debug|Any CPU
		{C1A2B3C4-D5E6-7890-ABCD-EF1234567890}.Debug|x64.Build.0 = Debug|Any CPU
		{C1A2B3C4-D5E6-7890-ABCD-EF1234567890}.Debug|x86.ActiveCfg = Debug|Any CPU
		{C1A2B3C4-D5E6-7890-ABCD-EF1234567890}.Debug|x86.Build.0 = Debug|Any CPU
		{C1A2B3C4-D5E6-7890-ABCD-EF1234567890}.Release|Any CPU.ActiveCfg = Release|Any CPU
		{C1A2B3C4-D5E6-7890-ABCD-EF1234567890}.Release|Any CPU.Build.0 = Release|Any CPU
		{C1A2B3C4-D5E6-7890-ABCD-EF1234567890}.Release|x64.ActiveCfg = Release|Any CPU
		{C1A2B3C4-D5E6-7890-ABCD-EF1234567890}.Release|x64.Build.0 = Release|Any CPU
		{C1A2B3C4-D5E6-7890-ABCD-EF1234567890}.Release|x86.ActiveCfg = Release|Any CPU
		{C1A2B3C4-D5E6-7890-ABCD-EF1234567890}.Release|x86.Build.0 = Release|Any CPU
		{D2E3F4A5-B6C7-8901-CDEF-A12345678901}.Debug|Any CPU.ActiveCfg = Debug|Any CPU
		{D2E3F4A5-B6C7-8901-CDEF-A12345678901}.Debug|Any CPU.Build.0 = Debug|Any CPU
		{D2E3F4A5-B6C7-8901-CDEF-A12345678901}.Debug|x64.ActiveCfg = Debug|Any CPU
		{D2E3F4A5-B6C7-8901-CDEF-A12345678901}.Debug|x64.Build.0 = Debug|Any CPU
		{D2E3F4A5-B6C7-8901-CDEF-A12345678901}.Debug|x86.ActiveCfg = Debug|Any CPU
		{D2E3F4A5-B6C7-8901-CDEF-A12345678901}.Debug|x86.Build.0 = Debug|Any CPU
		{D2E3F4A5-B6C7-8901-CDEF-A12345678901}.Release|Any CPU.ActiveCfg = Release|Any CPU
		{D2E3F4A5-B6C7-8901-CDEF-A12345678901}.Release|Any CPU.Build.0 = Release|Any CPU
		{D2E3F4A5-B6C7-8901-CDEF-A12345678901}.Release|x64.ActiveCfg = Release|Any CPU
		{D2E3F4A5-B6C7-8901-CDEF-A12345678901}.Release|x64.Build.0 = Release|Any CPU
		{D2E3F4A5-B6C7-8901-CDEF-A12345678901}.Release|x86.ActiveCfg = Release|Any CPU
		{D2E3F4A5-B6C7-8901-CDEF-A12345678901}.Release|x86.Build.0 = Release|Any CPU
		{88F5DC65-99EE-48CD-9600-1E5F0E968ADF}.Debug|Any CPU.ActiveCfg = Debug|Any CPU
		{88F5DC65-99EE-48CD-9600-1E5F0E968ADF}.Debug|Any CPU.Build.0 = Debug|Any CPU
		{88F5DC65-99EE-48CD-9600-1E5F0E968ADF}.Debug|x64.ActiveCfg = Debug|Any CPU
		{88F5DC65-99EE-48CD-9600-1E5F0E968ADF}.Debug|x64.Build.0 = Debug|Any CPU
		{88F5DC65-99EE-48CD-9600-1E5F0E968ADF}.Debug|x86.ActiveCfg = Debug|Any CPU
		{88F5DC65-99EE-48CD-9600-1E5F0E968ADF}.Debug|x86.Build.0 = Debug|Any CPU
		{88F5DC65-99EE-48CD-9600-1E5F0E968ADF}.Release|Any CPU.ActiveCfg = Release|Any CPU
		{88F5DC65-99EE-48CD-9600-1E5F0E968ADF}.Release|Any CPU.Build.0 = Release|Any CPU
		{88F5DC65-99EE-48CD-9600-1E5F0E968ADF}.Release|x64.ActiveCfg = Release|Any CPU
		{88F5DC65-99EE-48CD-9600-1E5F0E968ADF}.Release|x64.Build.0 = Release|Any CPU
		{88F5DC65-99EE-48CD-9600-1E5F0E968ADF}.Release|x86.ActiveCfg = Release|Any CPU
		{88F5DC65-99EE-48CD-9600-1E5F0E968ADF}.Release|x86.Build.0 = Release|Any CPU
		{1EA8AF40-6227-4521-BF25-B0F0C525B43E}.Debug|Any CPU.ActiveCfg = Debug|Any CPU
		{1EA8AF40-6227-4521-BF25-B0F0C525B43E}.Debug|Any CPU.Build.0 = Debug|Any CPU
		{1EA8AF40-6227-4521-BF25-B0F0C525B43E}.Debug|x64.ActiveCfg = Debug|Any CPU
		{1EA8AF40-6227-4521-BF25-B0F0C525B43E}.Debug|x64.Build.0 = Debug|Any CPU
		{1EA8AF40-6227-4521-BF25-B0F0C525B43E}.Debug|x86.ActiveCfg = Debug|Any CPU
		{1EA8AF40-6227-4521-BF25-B0F0C525B43E}.Debug|x86.Build.0 = Debug|Any CPU
		{1EA8AF40-6227-4521-BF25-B0F0C525B43E}.Release|Any CPU.ActiveCfg = Release|Any CPU
		{1EA8AF40-6227-4521-BF25-B0F0C525B43E}.Release|Any CPU.Build.0 = Release|Any CPU
		{1EA8AF40-6227-4521-BF25-B0F0C525B43E}.Release|x64.ActiveCfg = Release|Any CPU
		{1EA8AF40-6227-4521-BF25-B0F0C525B43E}.Release|x64.Build.0 = Release|Any CPU
		{1EA8AF40-6227-4521-BF25-B0F0C525B43E}.Release|x86.ActiveCfg = Release|Any CPU
		{1EA8AF40-6227-4521-BF25-B0F0C525B43E}.Release|x86.Build.0 = Release|Any CPU
		{3E407DA8-E406-4B93-A86C-BE4A245ACD7E}.Debug|Any CPU.ActiveCfg = Debug|Any CPU
		{3E407DA8-E406-4B93-A86C-BE4A245ACD7E}.Debug|Any CPU.Build.0 = Debug|Any CPU
		{3E407DA8-E406-4B93-A86C-BE4A245ACD7E}.Debug|x64.ActiveCfg = Debug|Any CPU
		{3E407DA8-E406-4B93-A86C-BE4A245ACD7E}.Debug|x64.Build.0 = Debug|Any CPU
		{3E407DA8-E406-4B93-A86C-BE4A245ACD7E}.Debug|x86.ActiveCfg = Debug|Any CPU
		{3E407DA8-E406-4B93-A86C-BE4A245ACD7E}.Debug|x86.Build.0 = Debug|Any CPU
		{3E407DA8-E406-4B93-A86C-BE4A245ACD7E}.Release|Any CPU.ActiveCfg = Release|Any CPU
		{3E407DA8-E406-4B93-A86C-BE4A245ACD7E}.Release|Any CPU.Build.0 = Release|Any CPU
		{3E407DA8-E406-4B93-A86C-BE4A245ACD7E}.Release|x64.ActiveCfg = Release|Any CPU
		{3E407DA8-E406-4B93-A86C-BE4A245ACD7E}.Release|x64.Build.0 = Release|Any CPU
		{3E407DA8-E406-4B93-A86C-BE4A245ACD7E}.Release|x86.ActiveCfg = Release|Any CPU
		{3E407DA8-E406-4B93-A86C-BE4A245ACD7E}.Release|x86.Build.0 = Release|Any CPU
		{7FE51956-5833-4B2F-A71A-2DCCCF0A42EF}.Debug|Any CPU.ActiveCfg = Debug|Any CPU
		{7FE51956-5833-4B2F-A71A-2DCCCF0A42EF}.Debug|Any CPU.Build.0 = Debug|Any CPU
		{7FE51956-5833-4B2F-A71A-2DCCCF0A42EF}.Debug|x64.ActiveCfg = Debug|Any CPU
		{7FE51956-5833-4B2F-A71A-2DCCCF0A42EF}.Debug|x64.Build.0 = Debug|Any CPU
		{7FE51956-5833-4B2F-A71A-2DCCCF0A42EF}.Debug|x86.ActiveCfg = Debug|Any CPU
		{7FE51956-5833-4B2F-A71A-2DCCCF0A42EF}.Debug|x86.Build.0 = Debug|Any CPU
		{7FE51956-5833-4B2F-A71A-2DCCCF0A42EF}.Release|Any CPU.ActiveCfg = Release|Any CPU
		{7FE51956-5833-4B2F-A71A-2DCCCF0A42EF}.Release|Any CPU.Build.0 = Release|Any CPU
		{7FE51956-5833-4B2F-A71A-2DCCCF0A42EF}.Release|x64.ActiveCfg = Release|Any CPU
		{7FE51956-5833-4B2F-A71A-2DCCCF0A42EF}.Release|x64.Build.0 = Release|Any CPU
		{7FE51956-5833-4B2F-A71A-2DCCCF0A42EF}.Release|x86.ActiveCfg = Release|Any CPU
		{7FE51956-5833-4B2F-A71A-2DCCCF0A42EF}.Release|x86.Build.0 = Release|Any CPU
		{12CFC513-5E23-476D-9E8D-C1434711346B}.Debug|Any CPU.ActiveCfg = Debug|Any CPU
		{12CFC513-5E23-476D-9E8D-C1434711346B}.Debug|Any CPU.Build.0 = Debug|Any CPU
		{12CFC513-5E23-476D-9E8D-C1434711346B}.Debug|x64.ActiveCfg = Debug|Any CPU
		{12CFC513-5E23-476D-9E8D-C1434711346B}.Debug|x64.Build.0 = Debug|Any CPU
		{12CFC513-5E23-476D-9E8D-C1434711346B}.Debug|x86.ActiveCfg = Debug|Any CPU
		{12CFC513-5E23-476D-9E8D-C1434711346B}.Debug|x86.Build.0 = Debug|Any CPU
		{12CFC513-5E23-476D-9E8D-C1434711346B}.Release|Any CPU.ActiveCfg = Release|Any CPU
		{12CFC513-5E23-476D-9E8D-C1434711346B}.Release|Any CPU.Build.0 = Release|Any CPU
		{12CFC513-5E23-476D-9E8D-C1434711346B}.Release|x64.ActiveCfg = Release|Any CPU
		{12CFC513-5E23-476D-9E8D-C1434711346B}.Release|x64.Build.0 = Release|Any CPU
		{12CFC513-5E23-476D-9E8D-C1434711346B}.Release|x86.ActiveCfg = Release|Any CPU
		{12CFC513-5E23-476D-9E8D-C1434711346B}.Release|x86.Build.0 = Release|Any CPU
		{A1B2C3D4-E5F6-7890-AB12-CD3456789ABC}.Debug|Any CPU.ActiveCfg = Debug|Any CPU
		{A1B2C3D4-E5F6-7890-AB12-CD3456789ABC}.Debug|Any CPU.Build.0 = Debug|Any CPU
		{A1B2C3D4-E5F6-7890-AB12-CD3456789ABC}.Debug|x64.ActiveCfg = Debug|Any CPU
		{A1B2C3D4-E5F6-7890-AB12-CD3456789ABC}.Debug|x64.Build.0 = Debug|Any CPU
		{A1B2C3D4-E5F6-7890-AB12-CD3456789ABC}.Debug|x86.ActiveCfg = Debug|Any CPU
		{A1B2C3D4-E5F6-7890-AB12-CD3456789ABC}.Debug|x86.Build.0 = Debug|Any CPU
		{A1B2C3D4-E5F6-7890-AB12-CD3456789ABC}.Release|Any CPU.ActiveCfg = Release|Any CPU
		{A1B2C3D4-E5F6-7890-AB12-CD3456789ABC}.Release|Any CPU.Build.0 = Release|Any CPU
		{A1B2C3D4-E5F6-7890-AB12-CD3456789ABC}.Release|x64.ActiveCfg = Release|Any CPU
		{A1B2C3D4-E5F6-7890-AB12-CD3456789ABC}.Release|x64.Build.0 = Release|Any CPU
		{A1B2C3D4-E5F6-7890-AB12-CD3456789ABC}.Release|x86.ActiveCfg = Release|Any CPU
		{A1B2C3D4-E5F6-7890-AB12-CD3456789ABC}.Release|x86.Build.0 = Release|Any CPU
		{BF057204-D53A-4CA1-8DD4-6681338061C6}.Debug|Any CPU.ActiveCfg = Debug|Any CPU
		{BF057204-D53A-4CA1-8DD4-6681338061C6}.Debug|Any CPU.Build.0 = Debug|Any CPU
		{BF057204-D53A-4CA1-8DD4-6681338061C6}.Debug|x64.ActiveCfg = Debug|Any CPU
		{BF057204-D53A-4CA1-8DD4-6681338061C6}.Debug|x64.Build.0 = Debug|Any CPU
		{BF057204-D53A-4CA1-8DD4-6681338061C6}.Debug|x86.ActiveCfg = Debug|Any CPU
		{BF057204-D53A-4CA1-8DD4-6681338061C6}.Debug|x86.Build.0 = Debug|Any CPU
		{BF057204-D53A-4CA1-8DD4-6681338061C6}.Release|Any CPU.ActiveCfg = Release|Any CPU
		{BF057204-D53A-4CA1-8DD4-6681338061C6}.Release|Any CPU.Build.0 = Release|Any CPU
		{BF057204-D53A-4CA1-8DD4-6681338061C6}.Release|x64.ActiveCfg = Release|Any CPU
		{BF057204-D53A-4CA1-8DD4-6681338061C6}.Release|x64.Build.0 = Release|Any CPU
		{BF057204-D53A-4CA1-8DD4-6681338061C6}.Release|x86.ActiveCfg = Release|Any CPU
		{BF057204-D53A-4CA1-8DD4-6681338061C6}.Release|x86.Build.0 = Release|Any CPU
		{DE3298A9-1487-4395-A342-3BAD7BB1C1B2}.Debug|Any CPU.ActiveCfg = Debug|Any CPU
		{DE3298A9-1487-4395-A342-3BAD7BB1C1B2}.Debug|Any CPU.Build.0 = Debug|Any CPU
		{DE3298A9-1487-4395-A342-3BAD7BB1C1B2}.Debug|x64.ActiveCfg = Debug|Any CPU
		{DE3298A9-1487-4395-A342-3BAD7BB1C1B2}.Debug|x64.Build.0 = Debug|Any CPU
		{DE3298A9-1487-4395-A342-3BAD7BB1C1B2}.Debug|x86.ActiveCfg = Debug|Any CPU
		{DE3298A9-1487-4395-A342-3BAD7BB1C1B2}.Debug|x86.Build.0 = Debug|Any CPU
		{DE3298A9-1487-4395-A342-3BAD7BB1C1B2}.Release|Any CPU.ActiveCfg = Release|Any CPU
		{DE3298A9-1487-4395-A342-3BAD7BB1C1B2}.Release|Any CPU.Build.0 = Release|Any CPU
		{DE3298A9-1487-4395-A342-3BAD7BB1C1B2}.Release|x64.ActiveCfg = Release|Any CPU
		{DE3298A9-1487-4395-A342-3BAD7BB1C1B2}.Release|x64.Build.0 = Release|Any CPU
		{DE3298A9-1487-4395-A342-3BAD7BB1C1B2}.Release|x86.ActiveCfg = Release|Any CPU
		{DE3298A9-1487-4395-A342-3BAD7BB1C1B2}.Release|x86.Build.0 = Release|Any CPU
		{592945FC-2FA5-471A-9652-1CAE1E26E232}.Debug|Any CPU.ActiveCfg = Debug|Any CPU
		{592945FC-2FA5-471A-9652-1CAE1E26E232}.Debug|Any CPU.Build.0 = Debug|Any CPU
		{592945FC-2FA5-471A-9652-1CAE1E26E232}.Debug|x64.ActiveCfg = Debug|Any CPU
		{592945FC-2FA5-471A-9652-1CAE1E26E232}.Debug|x64.Build.0 = Debug|Any CPU
		{592945FC-2FA5-471A-9652-1CAE1E26E232}.Debug|x86.ActiveCfg = Debug|Any CPU
		{592945FC-2FA5-471A-9652-1CAE1E26E232}.Debug|x86.Build.0 = Debug|Any CPU
		{592945FC-2FA5-471A-9652-1CAE1E26E232}.Release|Any CPU.ActiveCfg = Release|Any CPU
		{592945FC-2FA5-471A-9652-1CAE1E26E232}.Release|Any CPU.Build.0 = Release|Any CPU
		{592945FC-2FA5-471A-9652-1CAE1E26E232}.Release|x64.ActiveCfg = Release|Any CPU
		{592945FC-2FA5-471A-9652-1CAE1E26E232}.Release|x64.Build.0 = Release|Any CPU
		{592945FC-2FA5-471A-9652-1CAE1E26E232}.Release|x86.ActiveCfg = Release|Any CPU
		{592945FC-2FA5-471A-9652-1CAE1E26E232}.Release|x86.Build.0 = Release|Any CPU
		{B54F9BF0-1481-4267-9CF0-44EAB5F9864A}.Debug|Any CPU.ActiveCfg = Debug|Any CPU
		{B54F9BF0-1481-4267-9CF0-44EAB5F9864A}.Debug|Any CPU.Build.0 = Debug|Any CPU
		{B54F9BF0-1481-4267-9CF0-44EAB5F9864A}.Debug|x64.ActiveCfg = Debug|Any CPU
		{B54F9BF0-1481-4267-9CF0-44EAB5F9864A}.Debug|x64.Build.0 = Debug|Any CPU
		{B54F9BF0-1481-4267-9CF0-44EAB5F9864A}.Debug|x86.ActiveCfg = Debug|Any CPU
		{B54F9BF0-1481-4267-9CF0-44EAB5F9864A}.Debug|x86.Build.0 = Debug|Any CPU
		{B54F9BF0-1481-4267-9CF0-44EAB5F9864A}.Release|Any CPU.ActiveCfg = Release|Any CPU
		{B54F9BF0-1481-4267-9CF0-44EAB5F9864A}.Release|Any CPU.Build.0 = Release|Any CPU
		{B54F9BF0-1481-4267-9CF0-44EAB5F9864A}.Release|x64.ActiveCfg = Release|Any CPU
		{B54F9BF0-1481-4267-9CF0-44EAB5F9864A}.Release|x64.Build.0 = Release|Any CPU
		{B54F9BF0-1481-4267-9CF0-44EAB5F9864A}.Release|x86.ActiveCfg = Release|Any CPU
		{B54F9BF0-1481-4267-9CF0-44EAB5F9864A}.Release|x86.Build.0 = Release|Any CPU
		{10E5A311-8B3A-45CB-9ED2-AF70C1047044}.Debug|Any CPU.ActiveCfg = Debug|Any CPU
		{10E5A311-8B3A-45CB-9ED2-AF70C1047044}.Debug|Any CPU.Build.0 = Debug|Any CPU
		{10E5A311-8B3A-45CB-9ED2-AF70C1047044}.Debug|x64.ActiveCfg = Debug|Any CPU
		{10E5A311-8B3A-45CB-9ED2-AF70C1047044}.Debug|x64.Build.0 = Debug|Any CPU
		{10E5A311-8B3A-45CB-9ED2-AF70C1047044}.Debug|x86.ActiveCfg = Debug|Any CPU
		{10E5A311-8B3A-45CB-9ED2-AF70C1047044}.Debug|x86.Build.0 = Debug|Any CPU
		{10E5A311-8B3A-45CB-9ED2-AF70C1047044}.Release|Any CPU.ActiveCfg = Release|Any CPU
		{10E5A311-8B3A-45CB-9ED2-AF70C1047044}.Release|Any CPU.Build.0 = Release|Any CPU
		{10E5A311-8B3A-45CB-9ED2-AF70C1047044}.Release|x64.ActiveCfg = Release|Any CPU
		{10E5A311-8B3A-45CB-9ED2-AF70C1047044}.Release|x64.Build.0 = Release|Any CPU
		{10E5A311-8B3A-45CB-9ED2-AF70C1047044}.Release|x86.ActiveCfg = Release|Any CPU
		{10E5A311-8B3A-45CB-9ED2-AF70C1047044}.Release|x86.Build.0 = Release|Any CPU
		{AAFB18CB-EAA7-4AD6-AD89-63C541705EC2}.Debug|Any CPU.ActiveCfg = Debug|Any CPU
		{AAFB18CB-EAA7-4AD6-AD89-63C541705EC2}.Debug|Any CPU.Build.0 = Debug|Any CPU
		{AAFB18CB-EAA7-4AD6-AD89-63C541705EC2}.Debug|x64.ActiveCfg = Debug|Any CPU
		{AAFB18CB-EAA7-4AD6-AD89-63C541705EC2}.Debug|x64.Build.0 = Debug|Any CPU
		{AAFB18CB-EAA7-4AD6-AD89-63C541705EC2}.Debug|x86.ActiveCfg = Debug|Any CPU
		{AAFB18CB-EAA7-4AD6-AD89-63C541705EC2}.Debug|x86.Build.0 = Debug|Any CPU
		{AAFB18CB-EAA7-4AD6-AD89-63C541705EC2}.Release|Any CPU.ActiveCfg = Release|Any CPU
		{AAFB18CB-EAA7-4AD6-AD89-63C541705EC2}.Release|Any CPU.Build.0 = Release|Any CPU
		{AAFB18CB-EAA7-4AD6-AD89-63C541705EC2}.Release|x64.ActiveCfg = Release|Any CPU
		{AAFB18CB-EAA7-4AD6-AD89-63C541705EC2}.Release|x64.Build.0 = Release|Any CPU
		{AAFB18CB-EAA7-4AD6-AD89-63C541705EC2}.Release|x86.ActiveCfg = Release|Any CPU
		{AAFB18CB-EAA7-4AD6-AD89-63C541705EC2}.Release|x86.Build.0 = Release|Any CPU
		{429DCCD2-CFCD-4A65-AEE9-2928F95D6ECA}.Debug|Any CPU.ActiveCfg = Debug|Any CPU
		{429DCCD2-CFCD-4A65-AEE9-2928F95D6ECA}.Debug|Any CPU.Build.0 = Debug|Any CPU
		{429DCCD2-CFCD-4A65-AEE9-2928F95D6ECA}.Debug|x64.ActiveCfg = Debug|Any CPU
		{429DCCD2-CFCD-4A65-AEE9-2928F95D6ECA}.Debug|x64.Build.0 = Debug|Any CPU
		{429DCCD2-CFCD-4A65-AEE9-2928F95D6ECA}.Debug|x86.ActiveCfg = Debug|Any CPU
		{429DCCD2-CFCD-4A65-AEE9-2928F95D6ECA}.Debug|x86.Build.0 = Debug|Any CPU
		{429DCCD2-CFCD-4A65-AEE9-2928F95D6ECA}.Release|Any CPU.ActiveCfg = Release|Any CPU
		{429DCCD2-CFCD-4A65-AEE9-2928F95D6ECA}.Release|Any CPU.Build.0 = Release|Any CPU
		{429DCCD2-CFCD-4A65-AEE9-2928F95D6ECA}.Release|x64.ActiveCfg = Release|Any CPU
		{429DCCD2-CFCD-4A65-AEE9-2928F95D6ECA}.Release|x64.Build.0 = Release|Any CPU
		{429DCCD2-CFCD-4A65-AEE9-2928F95D6ECA}.Release|x86.ActiveCfg = Release|Any CPU
		{429DCCD2-CFCD-4A65-AEE9-2928F95D6ECA}.Release|x86.Build.0 = Release|Any CPU
		{6F788A21-1BBB-416B-9188-80B3106E8988}.Debug|Any CPU.ActiveCfg = Debug|Any CPU
		{6F788A21-1BBB-416B-9188-80B3106E8988}.Debug|Any CPU.Build.0 = Debug|Any CPU
		{6F788A21-1BBB-416B-9188-80B3106E8988}.Debug|x64.ActiveCfg = Debug|Any CPU
		{6F788A21-1BBB-416B-9188-80B3106E8988}.Debug|x64.Build.0 = Debug|Any CPU
		{6F788A21-1BBB-416B-9188-80B3106E8988}.Debug|x86.ActiveCfg = Debug|Any CPU
		{6F788A21-1BBB-416B-9188-80B3106E8988}.Debug|x86.Build.0 = Debug|Any CPU
		{6F788A21-1BBB-416B-9188-80B3106E8988}.Release|Any CPU.ActiveCfg = Release|Any CPU
		{6F788A21-1BBB-416B-9188-80B3106E8988}.Release|Any CPU.Build.0 = Release|Any CPU
		{6F788A21-1BBB-416B-9188-80B3106E8988}.Release|x64.ActiveCfg = Release|Any CPU
		{6F788A21-1BBB-416B-9188-80B3106E8988}.Release|x64.Build.0 = Release|Any CPU
		{6F788A21-1BBB-416B-9188-80B3106E8988}.Release|x86.ActiveCfg = Release|Any CPU
		{6F788A21-1BBB-416B-9188-80B3106E8988}.Release|x86.Build.0 = Release|Any CPU
		{8580D171-0170-4A19-8A32-BC1DB1F9084A}.Debug|Any CPU.ActiveCfg = Debug|Any CPU
		{8580D171-0170-4A19-8A32-BC1DB1F9084A}.Debug|Any CPU.Build.0 = Debug|Any CPU
		{8580D171-0170-4A19-8A32-BC1DB1F9084A}.Debug|x64.ActiveCfg = Debug|Any CPU
		{8580D171-0170-4A19-8A32-BC1DB1F9084A}.Debug|x64.Build.0 = Debug|Any CPU
		{8580D171-0170-4A19-8A32-BC1DB1F9084A}.Debug|x86.ActiveCfg = Debug|Any CPU
		{8580D171-0170-4A19-8A32-BC1DB1F9084A}.Debug|x86.Build.0 = Debug|Any CPU
		{8580D171-0170-4A19-8A32-BC1DB1F9084A}.Release|Any CPU.ActiveCfg = Release|Any CPU
		{8580D171-0170-4A19-8A32-BC1DB1F9084A}.Release|Any CPU.Build.0 = Release|Any CPU
		{8580D171-0170-4A19-8A32-BC1DB1F9084A}.Release|x64.ActiveCfg = Release|Any CPU
		{8580D171-0170-4A19-8A32-BC1DB1F9084A}.Release|x64.Build.0 = Release|Any CPU
		{8580D171-0170-4A19-8A32-BC1DB1F9084A}.Release|x86.ActiveCfg = Release|Any CPU
		{8580D171-0170-4A19-8A32-BC1DB1F9084A}.Release|x86.Build.0 = Release|Any CPU
		{16E78AA9-CA07-4637-83CB-D408B2CA387E}.Debug|Any CPU.ActiveCfg = Debug|Any CPU
		{16E78AA9-CA07-4637-83CB-D408B2CA387E}.Debug|Any CPU.Build.0 = Debug|Any CPU
		{16E78AA9-CA07-4637-83CB-D408B2CA387E}.Debug|x64.ActiveCfg = Debug|Any CPU
		{16E78AA9-CA07-4637-83CB-D408B2CA387E}.Debug|x64.Build.0 = Debug|Any CPU
		{16E78AA9-CA07-4637-83CB-D408B2CA387E}.Debug|x86.ActiveCfg = Debug|Any CPU
		{16E78AA9-CA07-4637-83CB-D408B2CA387E}.Debug|x86.Build.0 = Debug|Any CPU
		{16E78AA9-CA07-4637-83CB-D408B2CA387E}.Release|Any CPU.ActiveCfg = Release|Any CPU
		{16E78AA9-CA07-4637-83CB-D408B2CA387E}.Release|Any CPU.Build.0 = Release|Any CPU
		{16E78AA9-CA07-4637-83CB-D408B2CA387E}.Release|x64.ActiveCfg = Release|Any CPU
		{16E78AA9-CA07-4637-83CB-D408B2CA387E}.Release|x64.Build.0 = Release|Any CPU
		{16E78AA9-CA07-4637-83CB-D408B2CA387E}.Release|x86.ActiveCfg = Release|Any CPU
		{16E78AA9-CA07-4637-83CB-D408B2CA387E}.Release|x86.Build.0 = Release|Any CPU
		{C33903DA-6A9B-4D2A-A1FB-E922C81CDA25}.Debug|Any CPU.ActiveCfg = Debug|Any CPU
		{C33903DA-6A9B-4D2A-A1FB-E922C81CDA25}.Debug|Any CPU.Build.0 = Debug|Any CPU
		{C33903DA-6A9B-4D2A-A1FB-E922C81CDA25}.Debug|x64.ActiveCfg = Debug|Any CPU
		{C33903DA-6A9B-4D2A-A1FB-E922C81CDA25}.Debug|x64.Build.0 = Debug|Any CPU
		{C33903DA-6A9B-4D2A-A1FB-E922C81CDA25}.Debug|x86.ActiveCfg = Debug|Any CPU
		{C33903DA-6A9B-4D2A-A1FB-E922C81CDA25}.Debug|x86.Build.0 = Debug|Any CPU
		{C33903DA-6A9B-4D2A-A1FB-E922C81CDA25}.Release|Any CPU.ActiveCfg = Release|Any CPU
		{C33903DA-6A9B-4D2A-A1FB-E922C81CDA25}.Release|Any CPU.Build.0 = Release|Any CPU
		{C33903DA-6A9B-4D2A-A1FB-E922C81CDA25}.Release|x64.ActiveCfg = Release|Any CPU
		{C33903DA-6A9B-4D2A-A1FB-E922C81CDA25}.Release|x64.Build.0 = Release|Any CPU
		{C33903DA-6A9B-4D2A-A1FB-E922C81CDA25}.Release|x86.ActiveCfg = Release|Any CPU
		{C33903DA-6A9B-4D2A-A1FB-E922C81CDA25}.Release|x86.Build.0 = Release|Any CPU
		{C1BE7CFA-B58C-40F1-A85F-E8CBF62DC5AA}.Debug|Any CPU.ActiveCfg = Debug|Any CPU
		{C1BE7CFA-B58C-40F1-A85F-E8CBF62DC5AA}.Debug|Any CPU.Build.0 = Debug|Any CPU
		{C1BE7CFA-B58C-40F1-A85F-E8CBF62DC5AA}.Debug|x64.ActiveCfg = Debug|Any CPU
		{C1BE7CFA-B58C-40F1-A85F-E8CBF62DC5AA}.Debug|x64.Build.0 = Debug|Any CPU
		{C1BE7CFA-B58C-40F1-A85F-E8CBF62DC5AA}.Debug|x86.ActiveCfg = Debug|Any CPU
		{C1BE7CFA-B58C-40F1-A85F-E8CBF62DC5AA}.Debug|x86.Build.0 = Debug|Any CPU
		{C1BE7CFA-B58C-40F1-A85F-E8CBF62DC5AA}.Release|Any CPU.ActiveCfg = Release|Any CPU
		{C1BE7CFA-B58C-40F1-A85F-E8CBF62DC5AA}.Release|Any CPU.Build.0 = Release|Any CPU
		{C1BE7CFA-B58C-40F1-A85F-E8CBF62DC5AA}.Release|x64.ActiveCfg = Release|Any CPU
		{C1BE7CFA-B58C-40F1-A85F-E8CBF62DC5AA}.Release|x64.Build.0 = Release|Any CPU
		{C1BE7CFA-B58C-40F1-A85F-E8CBF62DC5AA}.Release|x86.ActiveCfg = Release|Any CPU
		{C1BE7CFA-B58C-40F1-A85F-E8CBF62DC5AA}.Release|x86.Build.0 = Release|Any CPU
		{7BBD99A7-4B0D-4620-8098-03427ABA141A}.Debug|Any CPU.ActiveCfg = Debug|Any CPU
		{7BBD99A7-4B0D-4620-8098-03427ABA141A}.Debug|Any CPU.Build.0 = Debug|Any CPU
		{7BBD99A7-4B0D-4620-8098-03427ABA141A}.Debug|x64.ActiveCfg = Debug|Any CPU
		{7BBD99A7-4B0D-4620-8098-03427ABA141A}.Debug|x64.Build.0 = Debug|Any CPU
		{7BBD99A7-4B0D-4620-8098-03427ABA141A}.Debug|x86.ActiveCfg = Debug|Any CPU
		{7BBD99A7-4B0D-4620-8098-03427ABA141A}.Debug|x86.Build.0 = Debug|Any CPU
		{7BBD99A7-4B0D-4620-8098-03427ABA141A}.Release|Any CPU.ActiveCfg = Release|Any CPU
		{7BBD99A7-4B0D-4620-8098-03427ABA141A}.Release|Any CPU.Build.0 = Release|Any CPU
		{7BBD99A7-4B0D-4620-8098-03427ABA141A}.Release|x64.ActiveCfg = Release|Any CPU
		{7BBD99A7-4B0D-4620-8098-03427ABA141A}.Release|x64.Build.0 = Release|Any CPU
		{7BBD99A7-4B0D-4620-8098-03427ABA141A}.Release|x86.ActiveCfg = Release|Any CPU
		{7BBD99A7-4B0D-4620-8098-03427ABA141A}.Release|x86.Build.0 = Release|Any CPU
		{245431DD-9E7B-4080-8572-826F99BB8EF6}.Debug|Any CPU.ActiveCfg = Debug|Any CPU
		{245431DD-9E7B-4080-8572-826F99BB8EF6}.Debug|Any CPU.Build.0 = Debug|Any CPU
		{245431DD-9E7B-4080-8572-826F99BB8EF6}.Debug|x64.ActiveCfg = Debug|Any CPU
		{245431DD-9E7B-4080-8572-826F99BB8EF6}.Debug|x64.Build.0 = Debug|Any CPU
		{245431DD-9E7B-4080-8572-826F99BB8EF6}.Debug|x86.ActiveCfg = Debug|Any CPU
		{245431DD-9E7B-4080-8572-826F99BB8EF6}.Debug|x86.Build.0 = Debug|Any CPU
		{245431DD-9E7B-4080-8572-826F99BB8EF6}.Release|Any CPU.ActiveCfg = Release|Any CPU
		{245431DD-9E7B-4080-8572-826F99BB8EF6}.Release|Any CPU.Build.0 = Release|Any CPU
		{245431DD-9E7B-4080-8572-826F99BB8EF6}.Release|x64.ActiveCfg = Release|Any CPU
		{245431DD-9E7B-4080-8572-826F99BB8EF6}.Release|x64.Build.0 = Release|Any CPU
		{245431DD-9E7B-4080-8572-826F99BB8EF6}.Release|x86.ActiveCfg = Release|Any CPU
		{245431DD-9E7B-4080-8572-826F99BB8EF6}.Release|x86.Build.0 = Release|Any CPU
		{13F81308-1CC0-42DC-8E5D-6DA4A9B6A589}.Debug|Any CPU.ActiveCfg = Debug|Any CPU
		{13F81308-1CC0-42DC-8E5D-6DA4A9B6A589}.Debug|Any CPU.Build.0 = Debug|Any CPU
		{13F81308-1CC0-42DC-8E5D-6DA4A9B6A589}.Debug|x64.ActiveCfg = Debug|Any CPU
		{13F81308-1CC0-42DC-8E5D-6DA4A9B6A589}.Debug|x64.Build.0 = Debug|Any CPU
		{13F81308-1CC0-42DC-8E5D-6DA4A9B6A589}.Debug|x86.ActiveCfg = Debug|Any CPU
		{13F81308-1CC0-42DC-8E5D-6DA4A9B6A589}.Debug|x86.Build.0 = Debug|Any CPU
		{13F81308-1CC0-42DC-8E5D-6DA4A9B6A589}.Release|Any CPU.ActiveCfg = Release|Any CPU
		{13F81308-1CC0-42DC-8E5D-6DA4A9B6A589}.Release|Any CPU.Build.0 = Release|Any CPU
		{13F81308-1CC0-42DC-8E5D-6DA4A9B6A589}.Release|x64.ActiveCfg = Release|Any CPU
		{13F81308-1CC0-42DC-8E5D-6DA4A9B6A589}.Release|x64.Build.0 = Release|Any CPU
		{13F81308-1CC0-42DC-8E5D-6DA4A9B6A589}.Release|x86.ActiveCfg = Release|Any CPU
		{13F81308-1CC0-42DC-8E5D-6DA4A9B6A589}.Release|x86.Build.0 = Release|Any CPU
		{152D127D-6FBF-4646-892C-C9BF5911AFBB}.Debug|Any CPU.ActiveCfg = Debug|Any CPU
		{152D127D-6FBF-4646-892C-C9BF5911AFBB}.Debug|Any CPU.Build.0 = Debug|Any CPU
		{152D127D-6FBF-4646-892C-C9BF5911AFBB}.Debug|x64.ActiveCfg = Debug|Any CPU
		{152D127D-6FBF-4646-892C-C9BF5911AFBB}.Debug|x64.Build.0 = Debug|Any CPU
		{152D127D-6FBF-4646-892C-C9BF5911AFBB}.Debug|x86.ActiveCfg = Debug|Any CPU
		{152D127D-6FBF-4646-892C-C9BF5911AFBB}.Debug|x86.Build.0 = Debug|Any CPU
		{152D127D-6FBF-4646-892C-C9BF5911AFBB}.Release|Any CPU.ActiveCfg = Release|Any CPU
		{152D127D-6FBF-4646-892C-C9BF5911AFBB}.Release|Any CPU.Build.0 = Release|Any CPU
		{152D127D-6FBF-4646-892C-C9BF5911AFBB}.Release|x64.ActiveCfg = Release|Any CPU
		{152D127D-6FBF-4646-892C-C9BF5911AFBB}.Release|x64.Build.0 = Release|Any CPU
		{152D127D-6FBF-4646-892C-C9BF5911AFBB}.Release|x86.ActiveCfg = Release|Any CPU
		{152D127D-6FBF-4646-892C-C9BF5911AFBB}.Release|x86.Build.0 = Release|Any CPU
		{A3B4C5D6-E7F8-9012-ABCD-EF3456789012}.Debug|Any CPU.ActiveCfg = Debug|Any CPU
		{A3B4C5D6-E7F8-9012-ABCD-EF3456789012}.Debug|Any CPU.Build.0 = Debug|Any CPU
		{A3B4C5D6-E7F8-9012-ABCD-EF3456789012}.Debug|x64.ActiveCfg = Debug|Any CPU
		{A3B4C5D6-E7F8-9012-ABCD-EF3456789012}.Debug|x64.Build.0 = Debug|Any CPU
		{A3B4C5D6-E7F8-9012-ABCD-EF3456789012}.Debug|x86.ActiveCfg = Debug|Any CPU
		{A3B4C5D6-E7F8-9012-ABCD-EF3456789012}.Debug|x86.Build.0 = Debug|Any CPU
		{A3B4C5D6-E7F8-9012-ABCD-EF3456789012}.Release|Any CPU.ActiveCfg = Release|Any CPU
		{A3B4C5D6-E7F8-9012-ABCD-EF3456789012}.Release|Any CPU.Build.0 = Release|Any CPU
		{A3B4C5D6-E7F8-9012-ABCD-EF3456789012}.Release|x64.ActiveCfg = Release|Any CPU
		{A3B4C5D6-E7F8-9012-ABCD-EF3456789012}.Release|x64.Build.0 = Release|Any CPU
		{A3B4C5D6-E7F8-9012-ABCD-EF3456789012}.Release|x86.ActiveCfg = Release|Any CPU
		{A3B4C5D6-E7F8-9012-ABCD-EF3456789012}.Release|x86.Build.0 = Release|Any CPU
		{B4C5D6E7-F8A9-0123-BCDE-FA4567890123}.Debug|Any CPU.ActiveCfg = Debug|Any CPU
		{B4C5D6E7-F8A9-0123-BCDE-FA4567890123}.Debug|Any CPU.Build.0 = Debug|Any CPU
		{B4C5D6E7-F8A9-0123-BCDE-FA4567890123}.Debug|x64.ActiveCfg = Debug|Any CPU
		{B4C5D6E7-F8A9-0123-BCDE-FA4567890123}.Debug|x64.Build.0 = Debug|Any CPU
		{B4C5D6E7-F8A9-0123-BCDE-FA4567890123}.Debug|x86.ActiveCfg = Debug|Any CPU
		{B4C5D6E7-F8A9-0123-BCDE-FA4567890123}.Debug|x86.Build.0 = Debug|Any CPU
		{B4C5D6E7-F8A9-0123-BCDE-FA4567890123}.Release|Any CPU.ActiveCfg = Release|Any CPU
		{B4C5D6E7-F8A9-0123-BCDE-FA4567890123}.Release|Any CPU.Build.0 = Release|Any CPU
		{B4C5D6E7-F8A9-0123-BCDE-FA4567890123}.Release|x64.ActiveCfg = Release|Any CPU
		{B4C5D6E7-F8A9-0123-BCDE-FA4567890123}.Release|x64.Build.0 = Release|Any CPU
		{B4C5D6E7-F8A9-0123-BCDE-FA4567890123}.Release|x86.ActiveCfg = Release|Any CPU
		{B4C5D6E7-F8A9-0123-BCDE-FA4567890123}.Release|x86.Build.0 = Release|Any CPU
	EndGlobalSection
	GlobalSection(SolutionProperties) = preSolution
		HideSolutionNode = FALSE
	EndGlobalSection
	GlobalSection(NestedProjects) = preSolution
		{88F5DC65-99EE-48CD-9600-1E5F0E968ADF} = {827E0CD3-B72D-47B6-A68D-7590B98EB39B}
		{1EA8AF40-6227-4521-BF25-B0F0C525B43E} = {827E0CD3-B72D-47B6-A68D-7590B98EB39B}
		{3E407DA8-E406-4B93-A86C-BE4A245ACD7E} = {827E0CD3-B72D-47B6-A68D-7590B98EB39B}
		{7FE51956-5833-4B2F-A71A-2DCCCF0A42EF} = {827E0CD3-B72D-47B6-A68D-7590B98EB39B}
		{12CFC513-5E23-476D-9E8D-C1434711346B} = {827E0CD3-B72D-47B6-A68D-7590B98EB39B}
		{A1B2C3D4-E5F6-7890-AB12-CD3456789ABC} = {827E0CD3-B72D-47B6-A68D-7590B98EB39B}
		{BF057204-D53A-4CA1-8DD4-6681338061C6} = {827E0CD3-B72D-47B6-A68D-7590B98EB39B}
		{DE3298A9-1487-4395-A342-3BAD7BB1C1B2} = {827E0CD3-B72D-47B6-A68D-7590B98EB39B}
		{592945FC-2FA5-471A-9652-1CAE1E26E232} = {827E0CD3-B72D-47B6-A68D-7590B98EB39B}
		{B54F9BF0-1481-4267-9CF0-44EAB5F9864A} = {827E0CD3-B72D-47B6-A68D-7590B98EB39B}
		{10E5A311-8B3A-45CB-9ED2-AF70C1047044} = {827E0CD3-B72D-47B6-A68D-7590B98EB39B}
		{AAFB18CB-EAA7-4AD6-AD89-63C541705EC2} = {827E0CD3-B72D-47B6-A68D-7590B98EB39B}
		{429DCCD2-CFCD-4A65-AEE9-2928F95D6ECA} = {827E0CD3-B72D-47B6-A68D-7590B98EB39B}
		{6F788A21-1BBB-416B-9188-80B3106E8988} = {827E0CD3-B72D-47B6-A68D-7590B98EB39B}
		{8580D171-0170-4A19-8A32-BC1DB1F9084A} = {827E0CD3-B72D-47B6-A68D-7590B98EB39B}
		{16E78AA9-CA07-4637-83CB-D408B2CA387E} = {827E0CD3-B72D-47B6-A68D-7590B98EB39B}
		{C33903DA-6A9B-4D2A-A1FB-E922C81CDA25} = {827E0CD3-B72D-47B6-A68D-7590B98EB39B}
		{C1BE7CFA-B58C-40F1-A85F-E8CBF62DC5AA} = {827E0CD3-B72D-47B6-A68D-7590B98EB39B}
		{7BBD99A7-4B0D-4620-8098-03427ABA141A} = {827E0CD3-B72D-47B6-A68D-7590B98EB39B}
		{245431DD-9E7B-4080-8572-826F99BB8EF6} = {827E0CD3-B72D-47B6-A68D-7590B98EB39B}
		{13F81308-1CC0-42DC-8E5D-6DA4A9B6A589} = {827E0CD3-B72D-47B6-A68D-7590B98EB39B}
		{152D127D-6FBF-4646-892C-C9BF5911AFBB} = {827E0CD3-B72D-47B6-A68D-7590B98EB39B}
		{A3B4C5D6-E7F8-9012-ABCD-EF3456789012} = {827E0CD3-B72D-47B6-A68D-7590B98EB39B}
		{B4C5D6E7-F8A9-0123-BCDE-FA4567890123} = {827E0CD3-B72D-47B6-A68D-7590B98EB39B}
	EndGlobalSection
EndGlobal
